
Microsoft Visual Studio Solution File, Format Version 12.00
# Visual Studio 2012
Project("{FAE04EC0-301F-11D3-BF4B-00C04F79EFBC}") = "Abstraction", "Abstraction\Abstraction.csproj", "{52BCFB80-4DB4-4F21-8D2F-47E9AA8ADB17}"
EndProject
Project("{FAE04EC0-301F-11D3-BF4B-00C04F79EFBC}") = "CohesionCoupling", "CohesionCoupling\CohesionCoupling.csproj", "{4F2D4F56-EC39-45FE-9595-4E2BE462AEB5}"
EndProject
Project("{FAE04EC0-301F-11D3-BF4B-00C04F79EFBC}") = "InheritancePolymorphysim", "InheritancePolymorphysim\InheritancePolymorphysim.csproj", "{4E206920-A2F3-4473-8392-8DE50DA003A1}"
EndProject
Global
	GlobalSection(SolutionConfigurationPlatforms) = preSolution
		Debug|Any CPU = Debug|Any CPU
		Release|Any CPU = Release|Any CPU
	EndGlobalSection
	GlobalSection(ProjectConfigurationPlatforms) = postSolution
		{52BCFB80-4DB4-4F21-8D2F-47E9AA8ADB17}.Debug|Any CPU.ActiveCfg = Debug|Any CPU
		{52BCFB80-4DB4-4F21-8D2F-47E9AA8ADB17}.Debug|Any CPU.Build.0 = Debug|Any CPU
		{52BCFB80-4DB4-4F21-8D2F-47E9AA8ADB17}.Release|Any CPU.ActiveCfg = Release|Any CPU
		{52BCFB80-4DB4-4F21-8D2F-47E9AA8ADB17}.Release|Any CPU.Build.0 = Release|Any CPU
		{4F2D4F56-EC39-45FE-9595-4E2BE462AEB5}.Debug|Any CPU.ActiveCfg = Debug|Any CPU
		{4F2D4F56-EC39-45FE-9595-4E2BE462AEB5}.Debug|Any CPU.Build.0 = Debug|Any CPU
		{4F2D4F56-EC39-45FE-9595-4E2BE462AEB5}.Release|Any CPU.ActiveCfg = Release|Any CPU
		{4F2D4F56-EC39-45FE-9595-4E2BE462AEB5}.Release|Any CPU.Build.0 = Release|Any CPU
		{4E206920-A2F3-4473-8392-8DE50DA003A1}.Debug|Any CPU.ActiveCfg = Debug|Any CPU
		{4E206920-A2F3-4473-8392-8DE50DA003A1}.Debug|Any CPU.Build.0 = Debug|Any CPU
		{4E206920-A2F3-4473-8392-8DE50DA003A1}.Release|Any CPU.ActiveCfg = Release|Any CPU
		{4E206920-A2F3-4473-8392-8DE50DA003A1}.Release|Any CPU.Build.0 = Release|Any CPU
	EndGlobalSection
	GlobalSection(SolutionProperties) = preSolution
		HideSolutionNode = FALSE
	EndGlobalSection
EndGlobal
